
Microsoft Visual Studio Solution File, Format Version 12.00
# Visual Studio Version 17
VisualStudioVersion = 17.5.2.0
MinimumVisualStudioVersion = 10.0.40219.1
Project("{FAE04EC0-301F-11D3-BF4B-00C04F79EFBC}") = "WorkslipApi", "WorkslipApi.csproj", "{0FB9C85C-34EF-43B7-A0DB-86DAE0D79F6B}"
EndProject
Project("{FAE04EC0-301F-11D3-BF4B-00C04F79EFBC}") = "DocumentApi.Application", "DocumentApi.Application\DocumentApi.Application.csproj", "{70EC8917-B6A7-4E1A-BFD4-4A0B28D3A85A}"
EndProject
Project("{FAE04EC0-301F-11D3-BF4B-00C04F79EFBC}") = "DocumentApi.Domain", "DocumentApi.Domain\DocumentApi.Domain.csproj", "{F657909F-3F61-48D0-BAB5-D920C10D39B2}"
EndProject
Project("{FAE04EC0-301F-11D3-BF4B-00C04F79EFBC}") = "DocumentApi.Infrastructure", "DocumentApi.Infrastructure\DocumentApi.Infrastructure.csproj", "{49579867-1E1C-43E3-8771-14416F7000B8}"
EndProject
Global
	GlobalSection(SolutionConfigurationPlatforms) = preSolution
		Debug|Any CPU = Debug|Any CPU
		Debug|x64 = Debug|x64
		Debug|x86 = Debug|x86
		Release|Any CPU = Release|Any CPU
		Release|x64 = Release|x64
		Release|x86 = Release|x86
	EndGlobalSection
	GlobalSection(ProjectConfigurationPlatforms) = postSolution
		{0FB9C85C-34EF-43B7-A0DB-86DAE0D79F6B}.Debug|Any CPU.ActiveCfg = Debug|Any CPU
		{0FB9C85C-34EF-43B7-A0DB-86DAE0D79F6B}.Debug|Any CPU.Build.0 = Debug|Any CPU
		{0FB9C85C-34EF-43B7-A0DB-86DAE0D79F6B}.Debug|x64.ActiveCfg = Debug|Any CPU
		{0FB9C85C-34EF-43B7-A0DB-86DAE0D79F6B}.Debug|x64.Build.0 = Debug|Any CPU
		{0FB9C85C-34EF-43B7-A0DB-86DAE0D79F6B}.Debug|x86.ActiveCfg = Debug|Any CPU
		{0FB9C85C-34EF-43B7-A0DB-86DAE0D79F6B}.Debug|x86.Build.0 = Debug|Any CPU
		{0FB9C85C-34EF-43B7-A0DB-86DAE0D79F6B}.Release|Any CPU.ActiveCfg = Release|Any CPU
		{0FB9C85C-34EF-43B7-A0DB-86DAE0D79F6B}.Release|Any CPU.Build.0 = Release|Any CPU
		{0FB9C85C-34EF-43B7-A0DB-86DAE0D79F6B}.Release|x64.ActiveCfg = Release|Any CPU
		{0FB9C85C-34EF-43B7-A0DB-86DAE0D79F6B}.Release|x64.Build.0 = Release|Any CPU
		{0FB9C85C-34EF-43B7-A0DB-86DAE0D79F6B}.Release|x86.ActiveCfg = Release|Any CPU
		{0FB9C85C-34EF-43B7-A0DB-86DAE0D79F6B}.Release|x86.Build.0 = Release|Any CPU
		{70EC8917-B6A7-4E1A-BFD4-4A0B28D3A85A}.Debug|Any CPU.ActiveCfg = Debug|Any CPU
		{70EC8917-B6A7-4E1A-BFD4-4A0B28D3A85A}.Debug|Any CPU.Build.0 = Debug|Any CPU
		{70EC8917-B6A7-4E1A-BFD4-4A0B28D3A85A}.Debug|x64.ActiveCfg = Debug|Any CPU
		{70EC8917-B6A7-4E1A-BFD4-4A0B28D3A85A}.Debug|x64.Build.0 = Debug|Any CPU
		{70EC8917-B6A7-4E1A-BFD4-4A0B28D3A85A}.Debug|x86.ActiveCfg = Debug|Any CPU
		{70EC8917-B6A7-4E1A-BFD4-4A0B28D3A85A}.Debug|x86.Build.0 = Debug|Any CPU
		{70EC8917-B6A7-4E1A-BFD4-4A0B28D3A85A}.Release|Any CPU.ActiveCfg = Release|Any CPU
		{70EC8917-B6A7-4E1A-BFD4-4A0B28D3A85A}.Release|Any CPU.Build.0 = Release|Any CPU
		{70EC8917-B6A7-4E1A-BFD4-4A0B28D3A85A}.Release|x64.ActiveCfg = Release|Any CPU
		{70EC8917-B6A7-4E1A-BFD4-4A0B28D3A85A}.Release|x64.Build.0 = Release|Any CPU
		{70EC8917-B6A7-4E1A-BFD4-4A0B28D3A85A}.Release|x86.ActiveCfg = Release|Any CPU
		{70EC8917-B6A7-4E1A-BFD4-4A0B28D3A85A}.Release|x86.Build.0 = Release|Any CPU
		{F657909F-3F61-48D0-BAB5-D920C10D39B2}.Debug|Any CPU.ActiveCfg = Debug|Any CPU
		{F657909F-3F61-48D0-BAB5-D920C10D39B2}.Debug|Any CPU.Build.0 = Debug|Any CPU
		{F657909F-3F61-48D0-BAB5-D920C10D39B2}.Debug|x64.ActiveCfg = Debug|Any CPU
		{F657909F-3F61-48D0-BAB5-D920C10D39B2}.Debug|x64.Build.0 = Debug|Any CPU
		{F657909F-3F61-48D0-BAB5-D920C10D39B2}.Debug|x86.ActiveCfg = Debug|Any CPU
		{F657909F-3F61-48D0-BAB5-D920C10D39B2}.Debug|x86.Build.0 = Debug|Any CPU
		{F657909F-3F61-48D0-BAB5-D920C10D39B2}.Release|Any CPU.ActiveCfg = Release|Any CPU
		{F657909F-3F61-48D0-BAB5-D920C10D39B2}.Release|Any CPU.Build.0 = Release|Any CPU
		{F657909F-3F61-48D0-BAB5-D920C10D39B2}.Release|x64.ActiveCfg = Release|Any CPU
		{F657909F-3F61-48D0-BAB5-D920C10D39B2}.Release|x64.Build.0 = Release|Any CPU
		{F657909F-3F61-48D0-BAB5-D920C10D39B2}.Release|x86.ActiveCfg = Release|Any CPU
		{F657909F-3F61-48D0-BAB5-D920C10D39B2}.Release|x86.Build.0 = Release|Any CPU
		{49579867-1E1C-43E3-8771-14416F7000B8}.Debug|Any CPU.ActiveCfg = Debug|Any CPU
		{49579867-1E1C-43E3-8771-14416F7000B8}.Debug|Any CPU.Build.0 = Debug|Any CPU
		{49579867-1E1C-43E3-8771-14416F7000B8}.Debug|x64.ActiveCfg = Debug|Any CPU
		{49579867-1E1C-43E3-8771-14416F7000B8}.Debug|x64.Build.0 = Debug|Any CPU
		{49579867-1E1C-43E3-8771-14416F7000B8}.Debug|x86.ActiveCfg = Debug|Any CPU
		{49579867-1E1C-43E3-8771-14416F7000B8}.Debug|x86.Build.0 = Debug|Any CPU
		{49579867-1E1C-43E3-8771-14416F7000B8}.Release|Any CPU.ActiveCfg = Release|Any CPU
		{49579867-1E1C-43E3-8771-14416F7000B8}.Release|Any CPU.Build.0 = Release|Any CPU
		{49579867-1E1C-43E3-8771-14416F7000B8}.Release|x64.ActiveCfg = Release|Any CPU
		{49579867-1E1C-43E3-8771-14416F7000B8}.Release|x64.Build.0 = Release|Any CPU
		{49579867-1E1C-43E3-8771-14416F7000B8}.Release|x86.ActiveCfg = Release|Any CPU
		{49579867-1E1C-43E3-8771-14416F7000B8}.Release|x86.Build.0 = Release|Any CPU
	EndGlobalSection
	GlobalSection(SolutionProperties) = preSolution
		HideSolutionNode = FALSE
	EndGlobalSection
	GlobalSection(ExtensibilityGlobals) = postSolution
		SolutionGuid = {57614663-4978-458B-ABB5-B1B0C9A6AC30}
	EndGlobalSection
EndGlobal
