Microsoft Visual Studio Solution File, Format Version 12.00
# Visual Studio Version 17
VisualStudioVersion = 17.5.2.0
MinimumVisualStudioVersion = 10.0.40219.1
Project("{2150E333-8FDC-42A3-9474-1A3956D46DE8}") = "BE", "BE", "{925EF7A6-BD2D-FD16-DA9B-B4A434F89C38}"
EndProject
Project("{FAE04EC0-301F-11D3-BF4B-00C04F79EFBC}") = "DocumentFeeder", "BE\documentFeeder\DocumentFeeder.csproj", "{8B140EE6-AEE2-009A-5756-EBA40C45ACFD}"
EndProject
Project("{FAE04EC0-301F-11D3-BF4B-00C04F79EFBC}") = "DocumentApi", "BE\DocumentApi\DocumentApi.csproj", "{4E69A4D1-32E4-92CB-98F9-38B8D310AB1C}"
EndProject
Project("{2150E333-8FDC-42A3-9474-1A3956D46DE8}") = "documentFeeder", "documentFeeder", "{71B3E18C-1FEA-BD4D-241C-4FB5E329A717}"
EndProject
Project("{2150E333-8FDC-42A3-9474-1A3956D46DE8}") = "obj", "obj", "{F96B8958-BD21-23B9-0DD6-40684A49CC2A}"
EndProject
Project("{2150E333-8FDC-42A3-9474-1A3956D46DE8}") = "Debug", "Debug", "{93B00318-845A-F81B-CC02-63093B7B6380}"
EndProject
Project("{2150E333-8FDC-42A3-9474-1A3956D46DE8}") = "net10.0", "net10.0", "{05476FF3-8204-86D0-4364-0F62D8DDFC94}"
EndProject
Project("{FAE04EC0-301F-11D3-BF4B-00C04F79EFBC}") = "WorkerExtensions", "BE\documentFeeder\obj\Debug\net10.0\WorkerExtensions\WorkerExtensions.csproj", "{B89F7539-53FC-2ED3-21F3-42680EB21FCB}"
EndProject
Global
	GlobalSection(SolutionConfigurationPlatforms) = preSolution
		Debug|Any CPU = Debug|Any CPU
		Release|Any CPU = Release|Any CPU
	EndGlobalSection
	GlobalSection(ProjectConfigurationPlatforms) = postSolution
		{8B140EE6-AEE2-009A-5756-EBA40C45ACFD}.Debug|Any CPU.ActiveCfg = Debug|Any CPU
		{8B140EE6-AEE2-009A-5756-EBA40C45ACFD}.Debug|Any CPU.Build.0 = Debug|Any CPU
		{8B140EE6-AEE2-009A-5756-EBA40C45ACFD}.Release|Any CPU.ActiveCfg = Release|Any CPU
		{8B140EE6-AEE2-009A-5756-EBA40C45ACFD}.Release|Any CPU.Build.0 = Release|Any CPU
		{4E69A4D1-32E4-92CB-98F9-38B8D310AB1C}.Debug|Any CPU.ActiveCfg = Debug|Any CPU
		{4E69A4D1-32E4-92CB-98F9-38B8D310AB1C}.Debug|Any CPU.Build.0 = Debug|Any CPU
		{4E69A4D1-32E4-92CB-98F9-38B8D310AB1C}.Release|Any CPU.ActiveCfg = Release|Any CPU
		{4E69A4D1-32E4-92CB-98F9-38B8D310AB1C}.Release|Any CPU.Build.0 = Release|Any CPU
		{B89F7539-53FC-2ED3-21F3-42680EB21FCB}.Debug|Any CPU.ActiveCfg = Debug|Any CPU
		{B89F7539-53FC-2ED3-21F3-42680EB21FCB}.Debug|Any CPU.Build.0 = Debug|Any CPU
		{B89F7539-53FC-2ED3-21F3-42680EB21FCB}.Release|Any CPU.ActiveCfg = Release|Any CPU
		{B89F7539-53FC-2ED3-21F3-42680EB21FCB}.Release|Any CPU.Build.0 = Release|Any CPU
	EndGlobalSection
	GlobalSection(SolutionProperties) = preSolution
		HideSolutionNode = FALSE
	EndGlobalSection
	GlobalSection(NestedProjects) = preSolution
		{8B140EE6-AEE2-009A-5756-EBA40C45ACFD} = {925EF7A6-BD2D-FD16-DA9B-B4A434F89C38}
		{4E69A4D1-32E4-92CB-98F9-38B8D310AB1C} = {925EF7A6-BD2D-FD16-DA9B-B4A434F89C38}
		{71B3E18C-1FEA-BD4D-241C-4FB5E329A717} = {925EF7A6-BD2D-FD16-DA9B-B4A434F89C38}
		{F96B8958-BD21-23B9-0DD6-40684A49CC2A} = {71B3E18C-1FEA-BD4D-241C-4FB5E329A717}
		{93B00318-845A-F81B-CC02-63093B7B6380} = {F96B8958-BD21-23B9-0DD6-40684A49CC2A}
		{05476FF3-8204-86D0-4364-0F62D8DDFC94} = {93B00318-845A-F81B-CC02-63093B7B6380}
		{B89F7539-53FC-2ED3-21F3-42680EB21FCB} = {05476FF3-8204-86D0-4364-0F62D8DDFC94}
	EndGlobalSection
	GlobalSection(ExtensibilityGlobals) = postSolution
		SolutionGuid = {57614663-4978-458B-ABB5-B1B0C9A6AC30}
	EndGlobalSection
EndGlobal
